
Microsoft Visual Studio Solution File, Format Version 12.00
# Visual Studio Version 17
VisualStudioVersion = 17.4.33213.308
MinimumVisualStudioVersion = 10.0.40219.1
Project("{FAE04EC0-301F-11D3-BF4B-00C04F79EFBC}") = "Oldtimer", "Oldtimer\Oldtimer.csproj", "{A7AF2272-7B5A-43F5-8445-703D4C274DE1}"
EndProject
Global
	GlobalSection(SolutionConfigurationPlatforms) = preSolution
		Debug|Any CPU = Debug|Any CPU
		Release|Any CPU = Release|Any CPU
	EndGlobalSection
	GlobalSection(ProjectConfigurationPlatforms) = postSolution
		{A7AF2272-7B5A-43F5-8445-703D4C274DE1}.Debug|Any CPU.ActiveCfg = Debug|Any CPU
		{A7AF2272-7B5A-43F5-8445-703D4C274DE1}.Debug|Any CPU.Build.0 = Debug|Any CPU
		{A7AF2272-7B5A-43F5-8445-703D4C274DE1}.Release|Any CPU.ActiveCfg = Release|Any CPU
		{A7AF2272-7B5A-43F5-8445-703D4C274DE1}.Release|Any CPU.Build.0 = Release|Any CPU
	EndGlobalSection
	GlobalSection(SolutionProperties) = preSolution
		HideSolutionNode = FALSE
	EndGlobalSection
	GlobalSection(ExtensibilityGlobals) = postSolution
		SolutionGuid = {BDD97442-4704-4AC4-B93C-901A76FEC444}
	EndGlobalSection
EndGlobal
